
Microsoft Visual Studio Solution File, Format Version 12.00
# Visual Studio Version 16
VisualStudioVersion = 16.0.31402.337
MinimumVisualStudioVersion = 10.0.40219.1
Project("{FAE04EC0-301F-11D3-BF4B-00C04F79EFBC}") = "Veilig", "Veilig\Veilig.csproj", "{179C0D71-144E-43B7-9ED8-D8C08BB200D9}"
EndProject
Project("{FAE04EC0-301F-11D3-BF4B-00C04F79EFBC}") = "Principals", "Principals\Principals.csproj", "{1113D794-6DA2-4E5D-B6C2-3961D41D1078}"
EndProject
Global
	GlobalSection(SolutionConfigurationPlatforms) = preSolution
		Debug|Any CPU = Debug|Any CPU
		Release|Any CPU = Release|Any CPU
	EndGlobalSection
	GlobalSection(ProjectConfigurationPlatforms) = postSolution
		{179C0D71-144E-43B7-9ED8-D8C08BB200D9}.Debug|Any CPU.ActiveCfg = Debug|Any CPU
		{179C0D71-144E-43B7-9ED8-D8C08BB200D9}.Debug|Any CPU.Build.0 = Debug|Any CPU
		{179C0D71-144E-43B7-9ED8-D8C08BB200D9}.Release|Any CPU.ActiveCfg = Release|Any CPU
		{179C0D71-144E-43B7-9ED8-D8C08BB200D9}.Release|Any CPU.Build.0 = Release|Any CPU
		{1113D794-6DA2-4E5D-B6C2-3961D41D1078}.Debug|Any CPU.ActiveCfg = Debug|Any CPU
		{1113D794-6DA2-4E5D-B6C2-3961D41D1078}.Debug|Any CPU.Build.0 = Debug|Any CPU
		{1113D794-6DA2-4E5D-B6C2-3961D41D1078}.Release|Any CPU.ActiveCfg = Release|Any CPU
		{1113D794-6DA2-4E5D-B6C2-3961D41D1078}.Release|Any CPU.Build.0 = Release|Any CPU
	EndGlobalSection
	GlobalSection(SolutionProperties) = preSolution
		HideSolutionNode = FALSE
	EndGlobalSection
	GlobalSection(ExtensibilityGlobals) = postSolution
		SolutionGuid = {4BD4AB69-2B4C-4F9D-B06E-6F28C7B153D6}
	EndGlobalSection
EndGlobal
